
Microsoft Visual Studio Solution File, Format Version 12.00
# Visual Studio Version 17
VisualStudioVersion = 17.3.32819.101
MinimumVisualStudioVersion = 10.0.40219.1
Project("{FAE04EC0-301F-11D3-BF4B-00C04F79EFBC}") = "Participation4_PhoneDb", "Participation4_PhoneDb\Participation4_PhoneDb.csproj", "{EBD0E8D8-E96E-487E-ADC5-6D6A8334CC77}"
EndProject
Global
	GlobalSection(SolutionConfigurationPlatforms) = preSolution
		Debug|Any CPU = Debug|Any CPU
		Release|Any CPU = Release|Any CPU
	EndGlobalSection
	GlobalSection(ProjectConfigurationPlatforms) = postSolution
		{EBD0E8D8-E96E-487E-ADC5-6D6A8334CC77}.Debug|Any CPU.ActiveCfg = Debug|Any CPU
		{EBD0E8D8-E96E-487E-ADC5-6D6A8334CC77}.Debug|Any CPU.Build.0 = Debug|Any CPU
		{EBD0E8D8-E96E-487E-ADC5-6D6A8334CC77}.Release|Any CPU.ActiveCfg = Release|Any CPU
		{EBD0E8D8-E96E-487E-ADC5-6D6A8334CC77}.Release|Any CPU.Build.0 = Release|Any CPU
	EndGlobalSection
	GlobalSection(SolutionProperties) = preSolution
		HideSolutionNode = FALSE
	EndGlobalSection
	GlobalSection(ExtensibilityGlobals) = postSolution
		SolutionGuid = {C3AD1BB6-A3F7-49BD-8732-F9C1A539C7C1}
	EndGlobalSection
EndGlobal
