
Microsoft Visual Studio Solution File, Format Version 12.00
# Visual Studio Version 17
VisualStudioVersion = 17.3.32922.545
MinimumVisualStudioVersion = 10.0.40219.1
Project("{FAE04EC0-301F-11D3-BF4B-00C04F79EFBC}") = "ClientApp", "ClientApp\ClientApp.csproj", "{C7975FFD-5EBB-4325-93F6-D3544FE214A5}"
EndProject
Project("{FAE04EC0-301F-11D3-BF4B-00C04F79EFBC}") = "ServerApp", "ServerApp\ServerApp.csproj", "{DC6C2C89-FDC7-482F-8E5E-3F5949A8BB0C}"
EndProject
Global
	GlobalSection(SolutionConfigurationPlatforms) = preSolution
		Debug|Any CPU = Debug|Any CPU
		Release|Any CPU = Release|Any CPU
	EndGlobalSection
	GlobalSection(ProjectConfigurationPlatforms) = postSolution
		{C7975FFD-5EBB-4325-93F6-D3544FE214A5}.Debug|Any CPU.ActiveCfg = Debug|Any CPU
		{C7975FFD-5EBB-4325-93F6-D3544FE214A5}.Debug|Any CPU.Build.0 = Debug|Any CPU
		{C7975FFD-5EBB-4325-93F6-D3544FE214A5}.Release|Any CPU.ActiveCfg = Release|Any CPU
		{C7975FFD-5EBB-4325-93F6-D3544FE214A5}.Release|Any CPU.Build.0 = Release|Any CPU
		{DC6C2C89-FDC7-482F-8E5E-3F5949A8BB0C}.Debug|Any CPU.ActiveCfg = Debug|Any CPU
		{DC6C2C89-FDC7-482F-8E5E-3F5949A8BB0C}.Debug|Any CPU.Build.0 = Debug|Any CPU
		{DC6C2C89-FDC7-482F-8E5E-3F5949A8BB0C}.Release|Any CPU.ActiveCfg = Release|Any CPU
		{DC6C2C89-FDC7-482F-8E5E-3F5949A8BB0C}.Release|Any CPU.Build.0 = Release|Any CPU
	EndGlobalSection
	GlobalSection(SolutionProperties) = preSolution
		HideSolutionNode = FALSE
	EndGlobalSection
	GlobalSection(ExtensibilityGlobals) = postSolution
		SolutionGuid = {2A7D97E3-079F-4284-8F28-143331EF8A66}
	EndGlobalSection
EndGlobal
