
Microsoft Visual Studio Solution File, Format Version 12.00
# Visual Studio Version 17
VisualStudioVersion = 17.3.32901.215
MinimumVisualStudioVersion = 10.0.40219.1
Project("{FAE04EC0-301F-11D3-BF4B-00C04F79EFBC}") = "Assignment4_MoviesDb", "Assignment4_MoviesDb\Assignment4_MoviesDb.csproj", "{9FA63558-4B93-466F-ABA5-1CF9A8273FD1}"
EndProject
Global
	GlobalSection(SolutionConfigurationPlatforms) = preSolution
		Debug|Any CPU = Debug|Any CPU
		Release|Any CPU = Release|Any CPU
	EndGlobalSection
	GlobalSection(ProjectConfigurationPlatforms) = postSolution
		{9FA63558-4B93-466F-ABA5-1CF9A8273FD1}.Debug|Any CPU.ActiveCfg = Debug|Any CPU
		{9FA63558-4B93-466F-ABA5-1CF9A8273FD1}.Debug|Any CPU.Build.0 = Debug|Any CPU
		{9FA63558-4B93-466F-ABA5-1CF9A8273FD1}.Release|Any CPU.ActiveCfg = Release|Any CPU
		{9FA63558-4B93-466F-ABA5-1CF9A8273FD1}.Release|Any CPU.Build.0 = Release|Any CPU
	EndGlobalSection
	GlobalSection(SolutionProperties) = preSolution
		HideSolutionNode = FALSE
	EndGlobalSection
	GlobalSection(ExtensibilityGlobals) = postSolution
		SolutionGuid = {8F72A113-CC18-4778-9CC5-C75427D58C65}
	EndGlobalSection
EndGlobal
