
Microsoft Visual Studio Solution File, Format Version 12.00
# Visual Studio Version 17
VisualStudioVersion = 17.3.32819.101
MinimumVisualStudioVersion = 10.0.40219.1
Project("{FAE04EC0-301F-11D3-BF4B-00C04F79EFBC}") = "CollegeCityApp", "CollegeCityApp\CollegeCityApp.csproj", "{FCC20B2A-6104-4D41-8951-DD2DC6DAF10D}"
EndProject
Global
	GlobalSection(SolutionConfigurationPlatforms) = preSolution
		Debug|Any CPU = Debug|Any CPU
		Release|Any CPU = Release|Any CPU
	EndGlobalSection
	GlobalSection(ProjectConfigurationPlatforms) = postSolution
		{FCC20B2A-6104-4D41-8951-DD2DC6DAF10D}.Debug|Any CPU.ActiveCfg = Debug|Any CPU
		{FCC20B2A-6104-4D41-8951-DD2DC6DAF10D}.Debug|Any CPU.Build.0 = Debug|Any CPU
		{FCC20B2A-6104-4D41-8951-DD2DC6DAF10D}.Release|Any CPU.ActiveCfg = Release|Any CPU
		{FCC20B2A-6104-4D41-8951-DD2DC6DAF10D}.Release|Any CPU.Build.0 = Release|Any CPU
	EndGlobalSection
	GlobalSection(SolutionProperties) = preSolution
		HideSolutionNode = FALSE
	EndGlobalSection
	GlobalSection(ExtensibilityGlobals) = postSolution
		SolutionGuid = {44806251-7577-4B24-8549-B480B07256C9}
	EndGlobalSection
EndGlobal
