
Microsoft Visual Studio Solution File, Format Version 12.00
# Visual Studio Version 17
VisualStudioVersion = 17.3.32819.101
MinimumVisualStudioVersion = 10.0.40219.1
Project("{FAE04EC0-301F-11D3-BF4B-00C04F79EFBC}") = "KeyPad", "KeyPad\KeyPad.csproj", "{AA0677F3-4557-46E0-B586-F8564BBE4406}"
EndProject
Global
	GlobalSection(SolutionConfigurationPlatforms) = preSolution
		Debug|Any CPU = Debug|Any CPU
		Release|Any CPU = Release|Any CPU
	EndGlobalSection
	GlobalSection(ProjectConfigurationPlatforms) = postSolution
		{AA0677F3-4557-46E0-B586-F8564BBE4406}.Debug|Any CPU.ActiveCfg = Debug|Any CPU
		{AA0677F3-4557-46E0-B586-F8564BBE4406}.Debug|Any CPU.Build.0 = Debug|Any CPU
		{AA0677F3-4557-46E0-B586-F8564BBE4406}.Release|Any CPU.ActiveCfg = Release|Any CPU
		{AA0677F3-4557-46E0-B586-F8564BBE4406}.Release|Any CPU.Build.0 = Release|Any CPU
	EndGlobalSection
	GlobalSection(SolutionProperties) = preSolution
		HideSolutionNode = FALSE
	EndGlobalSection
	GlobalSection(ExtensibilityGlobals) = postSolution
		SolutionGuid = {4BF744BD-A6CA-483F-8416-1E42A1B4EFEC}
	EndGlobalSection
EndGlobal
